// !$*UTF8*$!
{
	archiveVersion = 1;
	classes = {
	};
	objectVersion = 56;
	objects = {

/* Begin PBXBuildFile section */
		A957D5AD29AC9B17005E01E3 /* Utils.swift in Sources */ = {isa = PBXBuildFile; fileRef = A957D5AC29AC9B17005E01E3 /* Utils.swift */; };
		A957D5AF29ACC23C005E01E3 /* Model.swift in Sources */ = {isa = PBXBuildFile; fileRef = A957D5AE29ACC23C005E01E3 /* Model.swift */; };
		A9D87BAB299DCE2C00C83793 /* AppDelegate.swift in Sources */ = {isa = PBXBuildFile; fileRef = A9D87BAA299DCE2C00C83793 /* AppDelegate.swift */; };
		A9D87BAD299DCE2C00C83793 /* SceneDelegate.swift in Sources */ = {isa = PBXBuildFile; fileRef = A9D87BAC299DCE2C00C83793 /* SceneDelegate.swift */; };
		A9D87BAF299DCE2C00C83793 /* ViewController.swift in Sources */ = {isa = PBXBuildFile; fileRef = A9D87BAE299DCE2C00C83793 /* ViewController.swift */; };
		A9D87BB2299DCE2C00C83793 /* Main.storyboard in Resources */ = {isa = PBXBuildFile; fileRef = A9D87BB0299DCE2C00C83793 /* Main.storyboard */; };
		A9D87BB4299DCE2E00C83793 /* Assets.xcassets in Resources */ = {isa = PBXBuildFile; fileRef = A9D87BB3299DCE2E00C83793 /* Assets.xcassets */; };
		A9D87BB7299DCE2E00C83793 /* LaunchScreen.storyboard in Resources */ = {isa = PBXBuildFile; fileRef = A9D87BB5299DCE2E00C83793 /* LaunchScreen.storyboard */; };
		A9D87BC0299DD83200C83793 /* WebKit.framework in Frameworks */ = {isa = PBXBuildFile; fileRef = A9D87BBF299DD83200C83793 /* WebKit.framework */; };
		A9D87BC2299E004100C83793 /* GoogleService-Info.plist in Resources */ = {isa = PBXBuildFile; fileRef = A9D87BC1299E004100C83793 /* GoogleService-Info.plist */; };
		B083310740F5885723FF86C4 /* Pods_hanaro.framework in Frameworks */ = {isa = PBXBuildFile; fileRef = D8F68BC92126D7D94CAD154B /* Pods_hanaro.framework */; };
/* End PBXBuildFile section */

/* Begin PBXFileReference section */
		21EAAD1C21F1DF930AFA2273 /* Pods-hanaro.debug.xcconfig */ = {isa = PBXFileReference; includeInIndex = 1; lastKnownFileType = text.xcconfig; name = "Pods-hanaro.debug.xcconfig"; path = "Target Support Files/Pods-hanaro/Pods-hanaro.debug.xcconfig"; sourceTree = "<group>"; };
		A957D5AC29AC9B17005E01E3 /* Utils.swift */ = {isa = PBXFileReference; lastKnownFileType = sourcecode.swift; path = Utils.swift; sourceTree = "<group>"; };
		A957D5AE29ACC23C005E01E3 /* Model.swift */ = {isa = PBXFileReference; lastKnownFileType = sourcecode.swift; path = Model.swift; sourceTree = "<group>"; };
		A9D87BA7299DCE2C00C83793 /* hanaro.app */ = {isa = PBXFileReference; explicitFileType = wrapper.application; includeInIndex = 0; path = hanaro.app; sourceTree = BUILT_PRODUCTS_DIR; };
		A9D87BAA299DCE2C00C83793 /* AppDelegate.swift */ = {isa = PBXFileReference; lastKnownFileType = sourcecode.swift; path = AppDelegate.swift; sourceTree = "<group>"; };
		A9D87BAC299DCE2C00C83793 /* SceneDelegate.swift */ = {isa = PBXFileReference; lastKnownFileType = sourcecode.swift; path = SceneDelegate.swift; sourceTree = "<group>"; };
		A9D87BAE299DCE2C00C83793 /* ViewController.swift */ = {isa = PBXFileReference; lastKnownFileType = sourcecode.swift; path = ViewController.swift; sourceTree = "<group>"; };
		A9D87BB1299DCE2C00C83793 /* Base */ = {isa = PBXFileReference; lastKnownFileType = file.storyboard; name = Base; path = Base.lproj/Main.storyboard; sourceTree = "<group>"; };
		A9D87BB3299DCE2E00C83793 /* Assets.xcassets */ = {isa = PBXFileReference; lastKnownFileType = folder.assetcatalog; path = Assets.xcassets; sourceTree = "<group>"; };
		A9D87BB6299DCE2E00C83793 /* Base */ = {isa = PBXFileReference; lastKnownFileType = file.storyboard; name = Base; path = Base.lproj/LaunchScreen.storyboard; sourceTree = "<group>"; };
		A9D87BB8299DCE2E00C83793 /* Info.plist */ = {isa = PBXFileReference; lastKnownFileType = text.plist.xml; path = Info.plist; sourceTree = "<group>"; };
		A9D87BBF299DD83200C83793 /* WebKit.framework */ = {isa = PBXFileReference; lastKnownFileType = wrapper.framework; name = WebKit.framework; path = System/Library/Frameworks/WebKit.framework; sourceTree = SDKROOT; };
		A9D87BC1299E004100C83793 /* GoogleService-Info.plist */ = {isa = PBXFileReference; fileEncoding = 4; lastKnownFileType = text.plist.xml; name = "GoogleService-Info.plist"; path = "../../../저축하나로 문서/push-noti/GoogleService-Info.plist"; sourceTree = "<group>"; };
		A9D87BC3299E04C800C83793 /* hanaro.entitlements */ = {isa = PBXFileReference; lastKnownFileType = text.plist.entitlements; path = hanaro.entitlements; sourceTree = "<group>"; };
		D8F68BC92126D7D94CAD154B /* Pods_hanaro.framework */ = {isa = PBXFileReference; explicitFileType = wrapper.framework; includeInIndex = 0; path = Pods_hanaro.framework; sourceTree = BUILT_PRODUCTS_DIR; };
		F3072850FC6D54D1F3F5BC00 /* Pods-hanaro.release.xcconfig */ = {isa = PBXFileReference; includeInIndex = 1; lastKnownFileType = text.xcconfig; name = "Pods-hanaro.release.xcconfig"; path = "Target Support Files/Pods-hanaro/Pods-hanaro.release.xcconfig"; sourceTree = "<group>"; };
/* End PBXFileReference section */

/* Begin PBXFrameworksBuildPhase section */
		A9D87BA4299DCE2C00C83793 /* Frameworks */ = {
			isa = PBXFrameworksBuildPhase;
			buildActionMask = 2147483647;
			files = (
				A9D87BC0299DD83200C83793 /* WebKit.framework in Frameworks */,
				B083310740F5885723FF86C4 /* Pods_hanaro.framework in Frameworks */,
			);
			runOnlyForDeploymentPostprocessing = 0;
		};
/* End PBXFrameworksBuildPhase section */

/* Begin PBXGroup section */
		63457FEFBBC2BF666DA36F16 /* Pods */ = {
			isa = PBXGroup;
			children = (
				21EAAD1C21F1DF930AFA2273 /* Pods-hanaro.debug.xcconfig */,
				F3072850FC6D54D1F3F5BC00 /* Pods-hanaro.release.xcconfig */,
			);
			path = Pods;
			sourceTree = "<group>";
		};
		A9D87B9E299DCE2C00C83793 = {
			isa = PBXGroup;
			children = (
				A9D87BA9299DCE2C00C83793 /* hanaro */,
				A9D87BA8299DCE2C00C83793 /* Products */,
				A9D87BBE299DD83100C83793 /* Frameworks */,
				63457FEFBBC2BF666DA36F16 /* Pods */,
			);
			sourceTree = "<group>";
		};
		A9D87BA8299DCE2C00C83793 /* Products */ = {
			isa = PBXGroup;
			children = (
				A9D87BA7299DCE2C00C83793 /* hanaro.app */,
			);
			name = Products;
			sourceTree = "<group>";
		};
		A9D87BA9299DCE2C00C83793 /* hanaro */ = {
			isa = PBXGroup;
			children = (
				A9D87BC3299E04C800C83793 /* hanaro.entitlements */,
				A9D87BAA299DCE2C00C83793 /* AppDelegate.swift */,
				A9D87BAC299DCE2C00C83793 /* SceneDelegate.swift */,
				A9D87BAE299DCE2C00C83793 /* ViewController.swift */,
				A9D87BB0299DCE2C00C83793 /* Main.storyboard */,
				A9D87BB3299DCE2E00C83793 /* Assets.xcassets */,
				A9D87BB5299DCE2E00C83793 /* LaunchScreen.storyboard */,
				A9D87BB8299DCE2E00C83793 /* Info.plist */,
				A9D87BC1299E004100C83793 /* GoogleService-Info.plist */,
				A957D5AC29AC9B17005E01E3 /* Utils.swift */,
				A957D5AE29ACC23C005E01E3 /* Model.swift */,
			);
			path = hanaro;
			sourceTree = "<group>";
		};
		A9D87BBE299DD83100C83793 /* Frameworks */ = {
			isa = PBXGroup;
			children = (
				A9D87BBF299DD83200C83793 /* WebKit.framework */,
				D8F68BC92126D7D94CAD154B /* Pods_hanaro.framework */,
			);
			name = Frameworks;
			sourceTree = "<group>";
		};
/* End PBXGroup section */

/* Begin PBXNativeTarget section */
		A9D87BA6299DCE2C00C83793 /* hanaro */ = {
			isa = PBXNativeTarget;
			buildConfigurationList = A9D87BBB299DCE2E00C83793 /* Build configuration list for PBXNativeTarget "hanaro" */;
			buildPhases = (
				30A38AEFD7F3A7DE2C511628 /* [CP] Check Pods Manifest.lock */,
				A9D87BA3299DCE2C00C83793 /* Sources */,
				A9D87BA4299DCE2C00C83793 /* Frameworks */,
				A9D87BA5299DCE2C00C83793 /* Resources */,
				BDEFE42F59D6E0B61520320D /* [CP] Embed Pods Frameworks */,
			);
			buildRules = (
			);
			dependencies = (
			);
			name = hanaro;
			productName = hanaro;
			productReference = A9D87BA7299DCE2C00C83793 /* hanaro.app */;
			productType = "com.apple.product-type.application";
		};
/* End PBXNativeTarget section */

/* Begin PBXProject section */
		A9D87B9F299DCE2C00C83793 /* Project object */ = {
			isa = PBXProject;
			attributes = {
				BuildIndependentTargetsInParallel = 1;
				LastSwiftUpdateCheck = 1410;
				LastUpgradeCheck = 1410;
				TargetAttributes = {
					A9D87BA6299DCE2C00C83793 = {
						CreatedOnToolsVersion = 14.1;
					};
				};
			};
			buildConfigurationList = A9D87BA2299DCE2C00C83793 /* Build configuration list for PBXProject "hanaro" */;
			compatibilityVersion = "Xcode 14.0";
			developmentRegion = en;
			hasScannedForEncodings = 0;
			knownRegions = (
				en,
				Base,
			);
			mainGroup = A9D87B9E299DCE2C00C83793;
			productRefGroup = A9D87BA8299DCE2C00C83793 /* Products */;
			projectDirPath = "";
			projectRoot = "";
			targets = (
				A9D87BA6299DCE2C00C83793 /* hanaro */,
			);
		};
/* End PBXProject section */

/* Begin PBXResourcesBuildPhase section */
		A9D87BA5299DCE2C00C83793 /* Resources */ = {
			isa = PBXResourcesBuildPhase;
			buildActionMask = 2147483647;
			files = (
				A9D87BB7299DCE2E00C83793 /* LaunchScreen.storyboard in Resources */,
				A9D87BC2299E004100C83793 /* GoogleService-Info.plist in Resources */,
				A9D87BB4299DCE2E00C83793 /* Assets.xcassets in Resources */,
				A9D87BB2299DCE2C00C83793 /* Main.storyboard in Resources */,
			);
			runOnlyForDeploymentPostprocessing = 0;
		};
/* End PBXResourcesBuildPhase section */

/* Begin PBXShellScriptBuildPhase section */
		30A38AEFD7F3A7DE2C511628 /* [CP] Check Pods Manifest.lock */ = {
			isa = PBXShellScriptBuildPhase;
			buildActionMask = 2147483647;
			files = (
			);
			inputFileListPaths = (
			);
			inputPaths = (
				"${PODS_PODFILE_DIR_PATH}/Podfile.lock",
				"${PODS_ROOT}/Manifest.lock",
			);
			name = "[CP] Check Pods Manifest.lock";
			outputFileListPaths = (
			);
			outputPaths = (
				"$(DERIVED_FILE_DIR)/Pods-hanaro-checkManifestLockResult.txt",
			);
			runOnlyForDeploymentPostprocessing = 0;
			shellPath = /bin/sh;
			shellScript = "diff \"${PODS_PODFILE_DIR_PATH}/Podfile.lock\" \"${PODS_ROOT}/Manifest.lock\" > /dev/null\nif [ $? != 0 ] ; then\n    # print error to STDERR\n    echo \"error: The sandbox is not in sync with the Podfile.lock. Run 'pod install' or update your CocoaPods installation.\" >&2\n    exit 1\nfi\n# This output is used by Xcode 'outputs' to avoid re-running this script phase.\necho \"SUCCESS\" > \"${SCRIPT_OUTPUT_FILE_0}\"\n";
			showEnvVarsInLog = 0;
		};
		BDEFE42F59D6E0B61520320D /* [CP] Embed Pods Frameworks */ = {
			isa = PBXShellScriptBuildPhase;
			buildActionMask = 2147483647;
			files = (
			);
			inputFileListPaths = (
				"${PODS_ROOT}/Target Support Files/Pods-hanaro/Pods-hanaro-frameworks-${CONFIGURATION}-input-files.xcfilelist",
			);
			name = "[CP] Embed Pods Frameworks";
			outputFileListPaths = (
				"${PODS_ROOT}/Target Support Files/Pods-hanaro/Pods-hanaro-frameworks-${CONFIGURATION}-output-files.xcfilelist",
			);
			runOnlyForDeploymentPostprocessing = 0;
			shellPath = /bin/sh;
			shellScript = "\"${PODS_ROOT}/Target Support Files/Pods-hanaro/Pods-hanaro-frameworks.sh\"\n";
			showEnvVarsInLog = 0;
		};
/* End PBXShellScriptBuildPhase section */

/* Begin PBXSourcesBuildPhase section */
		A9D87BA3299DCE2C00C83793 /* Sources */ = {
			isa = PBXSourcesBuildPhase;
			buildActionMask = 2147483647;
			files = (
				A957D5AF29ACC23C005E01E3 /* Model.swift in Sources */,
				A9D87BAF299DCE2C00C83793 /* ViewController.swift in Sources */,
				A9D87BAB299DCE2C00C83793 /* AppDelegate.swift in Sources */,
				A9D87BAD299DCE2C00C83793 /* SceneDelegate.swift in Sources */,
				A957D5AD29AC9B17005E01E3 /* Utils.swift in Sources */,
			);
			runOnlyForDeploymentPostprocessing = 0;
		};
/* End PBXSourcesBuildPhase section */

/* Begin PBXVariantGroup section */
		A9D87BB0299DCE2C00C83793 /* Main.storyboard */ = {
			isa = PBXVariantGroup;
			children = (
				A9D87BB1299DCE2C00C83793 /* Base */,
			);
			name = Main.storyboard;
			sourceTree = "<group>";
		};
		A9D87BB5299DCE2E00C83793 /* LaunchScreen.storyboard */ = {
			isa = PBXVariantGroup;
			children = (
				A9D87BB6299DCE2E00C83793 /* Base */,
			);
			name = LaunchScreen.storyboard;
			sourceTree = "<group>";
		};
/* End PBXVariantGroup section */

/* Begin XCBuildConfiguration section */
		A9D87BB9299DCE2E00C83793 /* Debug */ = {
			isa = XCBuildConfiguration;
			buildSettings = {
				ALWAYS_SEARCH_USER_PATHS = NO;
				CLANG_ANALYZER_NONNULL = YES;
				CLANG_ANALYZER_NUMBER_OBJECT_CONVERSION = YES_AGGRESSIVE;
				CLANG_CXX_LANGUAGE_STANDARD = "gnu++20";
				CLANG_ENABLE_MODULES = YES;
				CLANG_ENABLE_OBJC_ARC = YES;
				CLANG_ENABLE_OBJC_WEAK = YES;
				CLANG_WARN_BLOCK_CAPTURE_AUTORELEASING = YES;
				CLANG_WARN_BOOL_CONVERSION = YES;
				CLANG_WARN_COMMA = YES;
				CLANG_WARN_CONSTANT_CONVERSION = YES;
				CLANG_WARN_DEPRECATED_OBJC_IMPLEMENTATIONS = YES;
				CLANG_WARN_DIRECT_OBJC_ISA_USAGE = YES_ERROR;
				CLANG_WARN_DOCUMENTATION_COMMENTS = YES;
				CLANG_WARN_EMPTY_BODY = YES;
				CLANG_WARN_ENUM_CONVERSION = YES;
				CLANG_WARN_INFINITE_RECURSION = YES;
				CLANG_WARN_INT_CONVERSION = YES;
				CLANG_WARN_NON_LITERAL_NULL_CONVERSION = YES;
				CLANG_WARN_OBJC_IMPLICIT_RETAIN_SELF = YES;
				CLANG_WARN_OBJC_LITERAL_CONVERSION = YES;
				CLANG_WARN_OBJC_ROOT_CLASS = YES_ERROR;
				CLANG_WARN_QUOTED_INCLUDE_IN_FRAMEWORK_HEADER = YES;
				CLANG_WARN_RANGE_LOOP_ANALYSIS = YES;
				CLANG_WARN_STRICT_PROTOTYPES = YES;
				CLANG_WARN_SUSPICIOUS_MOVE = YES;
				CLANG_WARN_UNGUARDED_AVAILABILITY = YES_AGGRESSIVE;
				CLANG_WARN_UNREACHABLE_CODE = YES;
				CLANG_WARN__DUPLICATE_METHOD_MATCH = YES;
				COPY_PHASE_STRIP = NO;
				DEBUG_INFORMATION_FORMAT = dwarf;
				ENABLE_STRICT_OBJC_MSGSEND = YES;
				ENABLE_TESTABILITY = YES;
				GCC_C_LANGUAGE_STANDARD = gnu11;
				GCC_DYNAMIC_NO_PIC = NO;
				GCC_NO_COMMON_BLOCKS = YES;
				GCC_OPTIMIZATION_LEVEL = 0;
				GCC_PREPROCESSOR_DEFINITIONS = (
					"DEBUG=1",
					"$(inherited)",
				);
				GCC_WARN_64_TO_32_BIT_CONVERSION = YES;
				GCC_WARN_ABOUT_RETURN_TYPE = YES_ERROR;
				GCC_WARN_UNDECLARED_SELECTOR = YES;
				GCC_WARN_UNINITIALIZED_AUTOS = YES_AGGRESSIVE;
				GCC_WARN_UNUSED_FUNCTION = YES;
				GCC_WARN_UNUSED_VARIABLE = YES;
				IPHONEOS_DEPLOYMENT_TARGET = 16.1;
				MTL_ENABLE_DEBUG_INFO = INCLUDE_SOURCE;
				MTL_FAST_MATH = YES;
				ONLY_ACTIVE_ARCH = YES;
				SDKROOT = iphoneos;
				SWIFT_ACTIVE_COMPILATION_CONDITIONS = DEBUG;
				SWIFT_OPTIMIZATION_LEVEL = "-Onone";
			};
			name = Debug;
		};
		A9D87BBA299DCE2E00C83793 /* Release */ = {
			isa = XCBuildConfiguration;
			buildSettings = {
				ALWAYS_SEARCH_USER_PATHS = NO;
				CLANG_ANALYZER_NONNULL = YES;
				CLANG_ANALYZER_NUMBER_OBJECT_CONVERSION = YES_AGGRESSIVE;
				CLANG_CXX_LANGUAGE_STANDARD = "gnu++20";
				CLANG_ENABLE_MODULES = YES;
				CLANG_ENABLE_OBJC_ARC = YES;
				CLANG_ENABLE_OBJC_WEAK = YES;
				CLANG_WARN_BLOCK_CAPTURE_AUTORELEASING = YES;
				CLANG_WARN_BOOL_CONVERSION = YES;
				CLANG_WARN_COMMA = YES;
				CLANG_WARN_CONSTANT_CONVERSION = YES;
				CLANG_WARN_DEPRECATED_OBJC_IMPLEMENTATIONS = YES;
				CLANG_WARN_DIRECT_OBJC_ISA_USAGE = YES_ERROR;
				CLANG_WARN_DOCUMENTATION_COMMENTS = YES;
				CLANG_WARN_EMPTY_BODY = YES;
				CLANG_WARN_ENUM_CONVERSION = YES;
				CLANG_WARN_INFINITE_RECURSION = YES;
				CLANG_WARN_INT_CONVERSION = YES;
				CLANG_WARN_NON_LITERAL_NULL_CONVERSION = YES;
				CLANG_WARN_OBJC_IMPLICIT_RETAIN_SELF = YES;
				CLANG_WARN_OBJC_LITERAL_CONVERSION = YES;
				CLANG_WARN_OBJC_ROOT_CLASS = YES_ERROR;
				CLANG_WARN_QUOTED_INCLUDE_IN_FRAMEWORK_HEADER = YES;
				CLANG_WARN_RANGE_LOOP_ANALYSIS = YES;
				CLANG_WARN_STRICT_PROTOTYPES = YES;
				CLANG_WARN_SUSPICIOUS_MOVE = YES;
				CLANG_WARN_UNGUARDED_AVAILABILITY = YES_AGGRESSIVE;
				CLANG_WARN_UNREACHABLE_CODE = YES;
				CLANG_WARN__DUPLICATE_METHOD_MATCH = YES;
				COPY_PHASE_STRIP = NO;
				DEBUG_INFORMATION_FORMAT = "dwarf-with-dsym";
				ENABLE_NS_ASSERTIONS = NO;
				ENABLE_STRICT_OBJC_MSGSEND = YES;
				GCC_C_LANGUAGE_STANDARD = gnu11;
				GCC_NO_COMMON_BLOCKS = YES;
				GCC_WARN_64_TO_32_BIT_CONVERSION = YES;
				GCC_WARN_ABOUT_RETURN_TYPE = YES_ERROR;
				GCC_WARN_UNDECLARED_SELECTOR = YES;
				GCC_WARN_UNINITIALIZED_AUTOS = YES_AGGRESSIVE;
				GCC_WARN_UNUSED_FUNCTION = YES;
				GCC_WARN_UNUSED_VARIABLE = YES;
				IPHONEOS_DEPLOYMENT_TARGET = 16.1;
				MTL_ENABLE_DEBUG_INFO = NO;
				MTL_FAST_MATH = YES;
				SDKROOT = iphoneos;
				SWIFT_COMPILATION_MODE = wholemodule;
				SWIFT_OPTIMIZATION_LEVEL = "-O";
				VALIDATE_PRODUCT = YES;
			};
			name = Release;
		};
		A9D87BBC299DCE2E00C83793 /* Debug */ = {
			isa = XCBuildConfiguration;
			baseConfigurationReference = 21EAAD1C21F1DF930AFA2273 /* Pods-hanaro.debug.xcconfig */;
			buildSettings = {
				ASSETCATALOG_COMPILER_APPICON_NAME = AppIcon;
				ASSETCATALOG_COMPILER_GLOBAL_ACCENT_COLOR_NAME = AccentColor;
				CODE_SIGN_ENTITLEMENTS = hanaro/hanaro.entitlements;
				CODE_SIGN_STYLE = Automatic;
				CURRENT_PROJECT_VERSION = 15;
				DEVELOPMENT_TEAM = 9C4VKD5UP6;
				GENERATE_INFOPLIST_FILE = YES;
				INFOPLIST_FILE = hanaro/Info.plist;
				INFOPLIST_KEY_CFBundleDisplayName = "저축하나로";
				INFOPLIST_KEY_LSApplicationCategoryType = "public.app-category.finance";
				INFOPLIST_KEY_UIApplicationSupportsIndirectInputEvents = YES;
				INFOPLIST_KEY_UILaunchStoryboardName = LaunchScreen;
				INFOPLIST_KEY_UIMainStoryboardFile = Main;
				INFOPLIST_KEY_UISupportedInterfaceOrientations = UIInterfaceOrientationPortrait;
				INFOPLIST_KEY_UISupportedInterfaceOrientations_iPad = "UIInterfaceOrientationLandscapeLeft UIInterfaceOrientationLandscapeRight UIInterfaceOrientationPortrait UIInterfaceOrientationPortraitUpsideDown";
				IPHONEOS_DEPLOYMENT_TARGET = 14.0;
				LD_RUNPATH_SEARCH_PATHS = (
					"$(inherited)",
					"@executable_path/Frameworks",
				);
				MARKETING_VERSION = 1.0;
				PRODUCT_BUNDLE_IDENTIFIER = com.cbfinancial.app;
				PRODUCT_NAME = "$(TARGET_NAME)";
				SUPPORTED_PLATFORMS = "iphoneos iphonesimulator";
				SUPPORTS_MACCATALYST = NO;
				SUPPORTS_MAC_DESIGNED_FOR_IPHONE_IPAD = NO;
				SWIFT_EMIT_LOC_STRINGS = YES;
				SWIFT_VERSION = 5.0;
				TARGETED_DEVICE_FAMILY = 1;
			};
			name = Debug;
		};
		A9D87BBD299DCE2E00C83793 /* Release */ = {
			isa = XCBuildConfiguration;
			baseConfigurationReference = F3072850FC6D54D1F3F5BC00 /* Pods-hanaro.release.xcconfig */;
			buildSettings = {
				ASSETCATALOG_COMPILER_APPICON_NAME = AppIcon;
				ASSETCATALOG_COMPILER_GLOBAL_ACCENT_COLOR_NAME = AccentColor;
				CODE_SIGN_ENTITLEMENTS = hanaro/hanaro.entitlements;
				CODE_SIGN_STYLE = Automatic;
				CURRENT_PROJECT_VERSION = 15;
				DEVELOPMENT_TEAM = 9C4VKD5UP6;
				GENERATE_INFOPLIST_FILE = YES;
				INFOPLIST_FILE = hanaro/Info.plist;
				INFOPLIST_KEY_CFBundleDisplayName = "저축하나로";
				INFOPLIST_KEY_LSApplicationCategoryType = "public.app-category.finance";
				INFOPLIST_KEY_UIApplicationSupportsIndirectInputEvents = YES;
				INFOPLIST_KEY_UILaunchStoryboardName = LaunchScreen;
				INFOPLIST_KEY_UIMainStoryboardFile = Main;
				INFOPLIST_KEY_UISupportedInterfaceOrientations = UIInterfaceOrientationPortrait;
				INFOPLIST_KEY_UISupportedInterfaceOrientations_iPad = "UIInterfaceOrientationLandscapeLeft UIInterfaceOrientationLandscapeRight UIInterfaceOrientationPortrait UIInterfaceOrientationPortraitUpsideDown";
				IPHONEOS_DEPLOYMENT_TARGET = 14.0;
				LD_RUNPATH_SEARCH_PATHS = (
					"$(inherited)",
					"@executable_path/Frameworks",
				);
				MARKETING_VERSION = 1.0;
				PRODUCT_BUNDLE_IDENTIFIER = com.cbfinancial.app;
				PRODUCT_NAME = "$(TARGET_NAME)";
				SUPPORTED_PLATFORMS = "iphoneos iphonesimulator";
				SUPPORTS_MACCATALYST = NO;
				SUPPORTS_MAC_DESIGNED_FOR_IPHONE_IPAD = NO;
				SWIFT_EMIT_LOC_STRINGS = YES;
				SWIFT_VERSION = 5.0;
				TARGETED_DEVICE_FAMILY = 1;
			};
			name = Release;
		};
/* End XCBuildConfiguration section */

/* Begin XCConfigurationList section */
		A9D87BA2299DCE2C00C83793 /* Build configuration list for PBXProject "hanaro" */ = {
			isa = XCConfigurationList;
			buildConfigurations = (
				A9D87BB9299DCE2E00C83793 /* Debug */,
				A9D87BBA299DCE2E00C83793 /* Release */,
			);
			defaultConfigurationIsVisible = 0;
			defaultConfigurationName = Release;
		};
		A9D87BBB299DCE2E00C83793 /* Build configuration list for PBXNativeTarget "hanaro" */ = {
			isa = XCConfigurationList;
			buildConfigurations = (
				A9D87BBC299DCE2E00C83793 /* Debug */,
				A9D87BBD299DCE2E00C83793 /* Release */,
			);
			defaultConfigurationIsVisible = 0;
			defaultConfigurationName = Release;
		};
/* End XCConfigurationList section */
	};
	rootObject = A9D87B9F299DCE2C00C83793 /* Project object */;
}
